
Microsoft Visual Studio Solution File, Format Version 12.00
# Visual Studio Version 16
VisualStudioVersion = 16.0.32002.261
MinimumVisualStudioVersion = 10.0.40219.1
Project("{8BC9CEB8-8B4A-11D0-8D11-00A0C91BC942}") = "带头双向循环链表", "带头双向循环链表\带头双向循环链表.vcxproj", "{C4CDD989-6F9B-4793-9152-6C8B45733AEE}"
EndProject
Global
	GlobalSection(SolutionConfigurationPlatforms) = preSolution
		Debug|x64 = Debug|x64
		Debug|x86 = Debug|x86
		Release|x64 = Release|x64
		Release|x86 = Release|x86
	EndGlobalSection
	GlobalSection(ProjectConfigurationPlatforms) = postSolution
		{C4CDD989-6F9B-4793-9152-6C8B45733AEE}.Debug|x64.ActiveCfg = Debug|x64
		{C4CDD989-6F9B-4793-9152-6C8B45733AEE}.Debug|x64.Build.0 = Debug|x64
		{C4CDD989-6F9B-4793-9152-6C8B45733AEE}.Debug|x86.ActiveCfg = Debug|Win32
		{C4CDD989-6F9B-4793-9152-6C8B45733AEE}.Debug|x86.Build.0 = Debug|Win32
		{C4CDD989-6F9B-4793-9152-6C8B45733AEE}.Release|x64.ActiveCfg = Release|x64
		{C4CDD989-6F9B-4793-9152-6C8B45733AEE}.Release|x64.Build.0 = Release|x64
		{C4CDD989-6F9B-4793-9152-6C8B45733AEE}.Release|x86.ActiveCfg = Release|Win32
		{C4CDD989-6F9B-4793-9152-6C8B45733AEE}.Release|x86.Build.0 = Release|Win32
	EndGlobalSection
	GlobalSection(SolutionProperties) = preSolution
		HideSolutionNode = FALSE
	EndGlobalSection
	GlobalSection(ExtensibilityGlobals) = postSolution
		SolutionGuid = {9E80F209-3C8E-4071-A860-49CC17A33A7E}
	EndGlobalSection
EndGlobal
