
Microsoft Visual Studio Solution File, Format Version 12.00
# Visual Studio Version 16
VisualStudioVersion = 16.0.32002.261
MinimumVisualStudioVersion = 10.0.40219.1
Project("{8BC9CEB8-8B4A-11D0-8D11-00A0C91BC942}") = "2.8补1", "2.8补1\2.8补1.vcxproj", "{E2FC287F-1DB9-46F7-9B8C-7136182CBF2A}"
EndProject
Global
	GlobalSection(SolutionConfigurationPlatforms) = preSolution
		Debug|x64 = Debug|x64
		Debug|x86 = Debug|x86
		Release|x64 = Release|x64
		Release|x86 = Release|x86
	EndGlobalSection
	GlobalSection(ProjectConfigurationPlatforms) = postSolution
		{E2FC287F-1DB9-46F7-9B8C-7136182CBF2A}.Debug|x64.ActiveCfg = Debug|x64
		{E2FC287F-1DB9-46F7-9B8C-7136182CBF2A}.Debug|x64.Build.0 = Debug|x64
		{E2FC287F-1DB9-46F7-9B8C-7136182CBF2A}.Debug|x86.ActiveCfg = Debug|Win32
		{E2FC287F-1DB9-46F7-9B8C-7136182CBF2A}.Debug|x86.Build.0 = Debug|Win32
		{E2FC287F-1DB9-46F7-9B8C-7136182CBF2A}.Release|x64.ActiveCfg = Release|x64
		{E2FC287F-1DB9-46F7-9B8C-7136182CBF2A}.Release|x64.Build.0 = Release|x64
		{E2FC287F-1DB9-46F7-9B8C-7136182CBF2A}.Release|x86.ActiveCfg = Release|Win32
		{E2FC287F-1DB9-46F7-9B8C-7136182CBF2A}.Release|x86.Build.0 = Release|Win32
	EndGlobalSection
	GlobalSection(SolutionProperties) = preSolution
		HideSolutionNode = FALSE
	EndGlobalSection
	GlobalSection(ExtensibilityGlobals) = postSolution
		SolutionGuid = {0F0BFE14-DEFB-488D-BFE8-4AF6AC3ED0DA}
	EndGlobalSection
EndGlobal
